{
  "requires": true,
  "lockfileVersion": 1,
  "dependencies": {
    "apollo-angular-link-http": {
      "version": "1.9.0",
      "resolved": "https://registry.npmjs.org/apollo-angular-link-http/-/apollo-angular-link-http-1.9.0.tgz",
      "integrity": "sha512-wA6cLgZyA59RIZ28WKsty/4Gq+5DCxdfFruQmTBoMeol+R70R9fP99/A/HEV+fWPy4hWt9V2YeECx8HrSosd+g==",
      "requires": {
        "apollo-angular-link-http-common": "~1.8.0",
        "extract-files": "5.0.1",
        "tslib": "^1.9.0"
      }
    },
    "apollo-angular-link-http-common": {
      "version": "1.8.0",
      "resolved": "https://registry.npmjs.org/apollo-angular-link-http-common/-/apollo-angular-link-http-common-1.8.0.tgz",
      "integrity": "sha512-Dx/OXIOT8RBIIxr9cUSbes1Qnolqgy678o5qT/oDE3/pHcBLiJhTph57Nqhr1/zRYU6fnhKJ6E50wFX7/5LI5g==",
      "requires": {
        "tslib": "^1.9.0"
      }
    },
    "extract-files": {
      "version": "5.0.1",
      "resolved": "https://registry.npmjs.org/extract-files/-/extract-files-5.0.1.tgz",
      "integrity": "sha512-qRW6y9eKF0VbCyOoOEtFhzJ3uykAw8GKwQVXyAIqwocyEWW4m+v+evec34RwtUkkxxHh7NKBLJ6AnXM8W4dH5w=="
    },
    "tslib": {
      "version": "1.10.0",
      "resolved": "https://registry.npmjs.org/tslib/-/tslib-1.10.0.tgz",
      "integrity": "sha512-qOebF53frne81cf0S9B41ByenJ3/IuH8yJKngAX35CmiZySA0khhkovshKK+jGCaMnVomla7gVlIcc3EvKPbTQ=="
    }
  }
}
